{
  "lockfileVersion": 1,
  "configVersion": 1,
  "workspaces": {
    "": {
      "name": "@typmk/tree-sitter-grammars",
      "devDependencies": {
        "tree-sitter-cli": "0.26.11",
        "web-tree-sitter": "0.26.11",
      },
    },
  },
  "packages": {
    "tree-sitter-cli": ["tree-sitter-cli@0.26.11", "", { "bin": { "tree-sitter": "cli.js" } }, "sha512-/hRCA0Ehkgk6B5WTYSiENk1R2Zv3LJcfvL3wjofzx+EYaKySZDu0agGRQcccay9Lg7wxJWsDa9cTRS92wsM5gQ=="],

    "web-tree-sitter": ["web-tree-sitter@0.26.11", "", {}, "sha512-Q5Dm3YTIXSXuH6FxX6RuzX2Qwpc4DPGiYMU87Wg5Z8OIStiQFiUex4zMDc0vBTw78EphaYJacncJghCHzbZptg=="],
  }
}
